
Microsoft Visual Studio Solution File, Format Version 12.00
# Visual Studio Version 17
VisualStudioVersion = 17.3.32901.215
MinimumVisualStudioVersion = 10.0.40219.1
Project("{FAE04EC0-301F-11D3-BF4B-00C04F79EFBC}") = "FilesOnDvdLocal", "FilesOnDvdLocal\FilesOnDvdLocal.csproj", "{79A6CD07-C167-4061-8E98-4EA66966996A}"
EndProject
Project("{FAE04EC0-301F-11D3-BF4B-00C04F79EFBC}") = "DvdPacker.Console", "DvdPacker.Console\DvdPacker.Console.csproj", "{2C68A3AE-1AEF-43CE-AB1F-52A90579E60A}"
EndProject
Project("{FAE04EC0-301F-11D3-BF4B-00C04F79EFBC}") = "DvdImportClient.Wpf", "DvdImportClient\DvdImportClient.Wpf.csproj", "{2AC824DB-939B-4308-ACE0-AFDED9316041}"
EndProject
Project("{FAE04EC0-301F-11D3-BF4B-00C04F79EFBC}") = "FilesOnDvdLocal.Tests", "FilesOnDvdLocal.Tests\FilesOnDvdLocal.Tests.csproj", "{149D7178-16AA-47F7-A5AC-62C5B8967BF9}"
EndProject
Project("{FAE04EC0-301F-11D3-BF4B-00C04F79EFBC}") = "FilesOnDvdLocal.Data", "FilesOnDvdLocal.Data\FilesOnDvdLocal.Data.csproj", "{2499A6BB-B66F-425C-BE96-ACD4E11A0ED5}"
EndProject
Project("{FAE04EC0-301F-11D3-BF4B-00C04F79EFBC}") = "AttachmentsSaver.Console", "AttachmentsSaver.Console\AttachmentsSaver.Console.csproj", "{E3493E29-912B-4E88-9FAC-ABD48E85BA2D}"
EndProject
Project("{9A19103F-16F7-4668-BE54-9A1E7A4F7556}") = "MediaFilesOnDvd.Data", "MediaFilesOnDvd.Data\MediaFilesOnDvd.Data.csproj", "{3DDB4E5C-DEAD-40E3-89E9-9D42193E344C}"
EndProject
Project("{9A19103F-16F7-4668-BE54-9A1E7A4F7556}") = "LegacyMediaFilesOnDvd.Data", "LegacyMediaFilesOnDvd.Data\LegacyMediaFilesOnDvd.Data.csproj", "{8A3AC46C-300E-46BE-847F-66D60B892C47}"
EndProject
Project("{FAE04EC0-301F-11D3-BF4B-00C04F79EFBC}") = "MigrateLegacy.Services", "MigrateLegacy.Services\MigrateLegacy.Services.csproj", "{3CA6F2EF-09DE-44C3-9652-3875955B530B}"
EndProject
Project("{FAE04EC0-301F-11D3-BF4B-00C04F79EFBC}") = "MigrateLegacy.Tests", "MigrateLegacy.Tests\MigrateLegacy.Tests.csproj", "{7849B071-7D6B-4E7F-828A-13A7A6BB2899}"
EndProject
Global
	GlobalSection(SolutionConfigurationPlatforms) = preSolution
		Debug|Any CPU = Debug|Any CPU
		Release|Any CPU = Release|Any CPU
	EndGlobalSection
	GlobalSection(ProjectConfigurationPlatforms) = postSolution
		{79A6CD07-C167-4061-8E98-4EA66966996A}.Debug|Any CPU.ActiveCfg = Debug|Any CPU
		{79A6CD07-C167-4061-8E98-4EA66966996A}.Debug|Any CPU.Build.0 = Debug|Any CPU
		{79A6CD07-C167-4061-8E98-4EA66966996A}.Release|Any CPU.ActiveCfg = Release|Any CPU
		{79A6CD07-C167-4061-8E98-4EA66966996A}.Release|Any CPU.Build.0 = Release|Any CPU
		{2C68A3AE-1AEF-43CE-AB1F-52A90579E60A}.Debug|Any CPU.ActiveCfg = Debug|Any CPU
		{2C68A3AE-1AEF-43CE-AB1F-52A90579E60A}.Debug|Any CPU.Build.0 = Debug|Any CPU
		{2C68A3AE-1AEF-43CE-AB1F-52A90579E60A}.Release|Any CPU.ActiveCfg = Release|Any CPU
		{2C68A3AE-1AEF-43CE-AB1F-52A90579E60A}.Release|Any CPU.Build.0 = Release|Any CPU
		{2AC824DB-939B-4308-ACE0-AFDED9316041}.Debug|Any CPU.ActiveCfg = Debug|Any CPU
		{2AC824DB-939B-4308-ACE0-AFDED9316041}.Debug|Any CPU.Build.0 = Debug|Any CPU
		{2AC824DB-939B-4308-ACE0-AFDED9316041}.Release|Any CPU.ActiveCfg = Release|Any CPU
		{2AC824DB-939B-4308-ACE0-AFDED9316041}.Release|Any CPU.Build.0 = Release|Any CPU
		{149D7178-16AA-47F7-A5AC-62C5B8967BF9}.Debug|Any CPU.ActiveCfg = Debug|Any CPU
		{149D7178-16AA-47F7-A5AC-62C5B8967BF9}.Debug|Any CPU.Build.0 = Debug|Any CPU
		{149D7178-16AA-47F7-A5AC-62C5B8967BF9}.Release|Any CPU.ActiveCfg = Release|Any CPU
		{149D7178-16AA-47F7-A5AC-62C5B8967BF9}.Release|Any CPU.Build.0 = Release|Any CPU
		{2499A6BB-B66F-425C-BE96-ACD4E11A0ED5}.Debug|Any CPU.ActiveCfg = Debug|Any CPU
		{2499A6BB-B66F-425C-BE96-ACD4E11A0ED5}.Debug|Any CPU.Build.0 = Debug|Any CPU
		{2499A6BB-B66F-425C-BE96-ACD4E11A0ED5}.Release|Any CPU.ActiveCfg = Release|Any CPU
		{2499A6BB-B66F-425C-BE96-ACD4E11A0ED5}.Release|Any CPU.Build.0 = Release|Any CPU
		{E3493E29-912B-4E88-9FAC-ABD48E85BA2D}.Debug|Any CPU.ActiveCfg = Debug|Any CPU
		{E3493E29-912B-4E88-9FAC-ABD48E85BA2D}.Debug|Any CPU.Build.0 = Debug|Any CPU
		{E3493E29-912B-4E88-9FAC-ABD48E85BA2D}.Release|Any CPU.ActiveCfg = Release|Any CPU
		{E3493E29-912B-4E88-9FAC-ABD48E85BA2D}.Release|Any CPU.Build.0 = Release|Any CPU
		{3DDB4E5C-DEAD-40E3-89E9-9D42193E344C}.Debug|Any CPU.ActiveCfg = Debug|Any CPU
		{3DDB4E5C-DEAD-40E3-89E9-9D42193E344C}.Debug|Any CPU.Build.0 = Debug|Any CPU
		{3DDB4E5C-DEAD-40E3-89E9-9D42193E344C}.Release|Any CPU.ActiveCfg = Release|Any CPU
		{3DDB4E5C-DEAD-40E3-89E9-9D42193E344C}.Release|Any CPU.Build.0 = Release|Any CPU
		{8A3AC46C-300E-46BE-847F-66D60B892C47}.Debug|Any CPU.ActiveCfg = Debug|Any CPU
		{8A3AC46C-300E-46BE-847F-66D60B892C47}.Debug|Any CPU.Build.0 = Debug|Any CPU
		{8A3AC46C-300E-46BE-847F-66D60B892C47}.Release|Any CPU.ActiveCfg = Release|Any CPU
		{8A3AC46C-300E-46BE-847F-66D60B892C47}.Release|Any CPU.Build.0 = Release|Any CPU
		{3CA6F2EF-09DE-44C3-9652-3875955B530B}.Debug|Any CPU.ActiveCfg = Debug|Any CPU
		{3CA6F2EF-09DE-44C3-9652-3875955B530B}.Debug|Any CPU.Build.0 = Debug|Any CPU
		{3CA6F2EF-09DE-44C3-9652-3875955B530B}.Release|Any CPU.ActiveCfg = Release|Any CPU
		{3CA6F2EF-09DE-44C3-9652-3875955B530B}.Release|Any CPU.Build.0 = Release|Any CPU
		{7849B071-7D6B-4E7F-828A-13A7A6BB2899}.Debug|Any CPU.ActiveCfg = Debug|Any CPU
		{7849B071-7D6B-4E7F-828A-13A7A6BB2899}.Debug|Any CPU.Build.0 = Debug|Any CPU
		{7849B071-7D6B-4E7F-828A-13A7A6BB2899}.Release|Any CPU.ActiveCfg = Release|Any CPU
		{7849B071-7D6B-4E7F-828A-13A7A6BB2899}.Release|Any CPU.Build.0 = Release|Any CPU
	EndGlobalSection
	GlobalSection(SolutionProperties) = preSolution
		HideSolutionNode = FALSE
	EndGlobalSection
	GlobalSection(ExtensibilityGlobals) = postSolution
		SolutionGuid = {C9FE6BA9-8988-467A-A5C1-091118DA4D96}
	EndGlobalSection
EndGlobal
